// !$*UTF8*$!
{
	archiveVersion = 1;
	classes = {
	};
	objectVersion = 46;
	objects = {

/* Begin PBXBuildFile section */
		2E23FB251B52E50900EDBB68 /* ApiManager.swift in Sources */ = {isa = PBXBuildFile; fileRef = 2E23FB241B52E50900EDBB68 /* ApiManager.swift */; };
		2E23FB281B52EF1D00EDBB68 /* AppDataManager.swift in Sources */ = {isa = PBXBuildFile; fileRef = 2E23FB271B52EF1D00EDBB68 /* AppDataManager.swift */; };
		2E23FB2A1B52F29B00EDBB68 /* UserDefaultsManager.swift in Sources */ = {isa = PBXBuildFile; fileRef = 2E23FB291B52F29B00EDBB68 /* UserDefaultsManager.swift */; };
		2E23FB2C1B52FFF900EDBB68 /* CoreDataManager.swift in Sources */ = {isa = PBXBuildFile; fileRef = 2E23FB2B1B52FFF900EDBB68 /* CoreDataManager.swift */; };
		2E2EE41C1B404E350069648A /* RecipeData.json in CopyFiles */ = {isa = PBXBuildFile; fileRef = 2E6D75D71B3DA1580015307B /* RecipeData.json */; };
		2E6D75841B3D7E650015307B /* AppDelegate.swift in Sources */ = {isa = PBXBuildFile; fileRef = 2E6D75831B3D7E650015307B /* AppDelegate.swift */; };
		2E6D75861B3D7E650015307B /* RecipesVC.swift in Sources */ = {isa = PBXBuildFile; fileRef = 2E6D75851B3D7E650015307B /* RecipesVC.swift */; };
		2E6D75891B3D7E650015307B /* Main.storyboard in Resources */ = {isa = PBXBuildFile; fileRef = 2E6D75871B3D7E650015307B /* Main.storyboard */; };
		2E6D758C1B3D7E650015307B /* Gina_Lioti_Cooking.xcdatamodeld in Sources */ = {isa = PBXBuildFile; fileRef = 2E6D758A1B3D7E650015307B /* Gina_Lioti_Cooking.xcdatamodeld */; };
		2E6D758E1B3D7E650015307B /* Assets.xcassets in Resources */ = {isa = PBXBuildFile; fileRef = 2E6D758D1B3D7E650015307B /* Assets.xcassets */; };
		2E6D75911B3D7E650015307B /* LaunchScreen.storyboard in Resources */ = {isa = PBXBuildFile; fileRef = 2E6D758F1B3D7E650015307B /* LaunchScreen.storyboard */; };
		2E6D759C1B3D7E650015307B /* Gina_Lioti_CookingTests.swift in Sources */ = {isa = PBXBuildFile; fileRef = 2E6D759B1B3D7E650015307B /* Gina_Lioti_CookingTests.swift */; };
		2E6D75A71B3D7E650015307B /* Gina_Lioti_CookingUITests.swift in Sources */ = {isa = PBXBuildFile; fileRef = 2E6D75A61B3D7E650015307B /* Gina_Lioti_CookingUITests.swift */; };
		2E6D75CD1B3D9D320015307B /* Ingredient+CoreDataProperties.swift in Sources */ = {isa = PBXBuildFile; fileRef = 2E6D75C51B3D9D320015307B /* Ingredient+CoreDataProperties.swift */; };
		2E6D75CE1B3D9D320015307B /* Ingredient.swift in Sources */ = {isa = PBXBuildFile; fileRef = 2E6D75C61B3D9D320015307B /* Ingredient.swift */; };
		2E6D75CF1B3D9D320015307B /* Course+CoreDataProperties.swift in Sources */ = {isa = PBXBuildFile; fileRef = 2E6D75C71B3D9D320015307B /* Course+CoreDataProperties.swift */; };
		2E6D75D01B3D9D320015307B /* Course.swift in Sources */ = {isa = PBXBuildFile; fileRef = 2E6D75C81B3D9D320015307B /* Course.swift */; };
		2E6D75D11B3D9D320015307B /* RecipeIngredients+CoreDataProperties.swift in Sources */ = {isa = PBXBuildFile; fileRef = 2E6D75C91B3D9D320015307B /* RecipeIngredients+CoreDataProperties.swift */; };
		2E6D75D21B3D9D320015307B /* RecipeIngredients.swift in Sources */ = {isa = PBXBuildFile; fileRef = 2E6D75CA1B3D9D320015307B /* RecipeIngredients.swift */; };
		2E6D75D41B3D9D320015307B /* Recipe.swift in Sources */ = {isa = PBXBuildFile; fileRef = 2E6D75CC1B3D9D320015307B /* Recipe.swift */; };
		2E6D75D81B3DA1580015307B /* RecipeData.json in Resources */ = {isa = PBXBuildFile; fileRef = 2E6D75D71B3DA1580015307B /* RecipeData.json */; };
		2E6D75DD1B3DA9210015307B /* RecipeInstruction+CoreDataProperties.swift in Sources */ = {isa = PBXBuildFile; fileRef = 2E6D75D91B3DA9210015307B /* RecipeInstruction+CoreDataProperties.swift */; };
		2E6D75DE1B3DA9210015307B /* RecipeInstruction.swift in Sources */ = {isa = PBXBuildFile; fileRef = 2E6D75DA1B3DA9210015307B /* RecipeInstruction.swift */; };
		2E6D75DF1B3DA9210015307B /* RecipePhoto+CoreDataProperties.swift in Sources */ = {isa = PBXBuildFile; fileRef = 2E6D75DB1B3DA9210015307B /* RecipePhoto+CoreDataProperties.swift */; };
		2E6D75E01B3DA9210015307B /* RecipePhoto.swift in Sources */ = {isa = PBXBuildFile; fileRef = 2E6D75DC1B3DA9210015307B /* RecipePhoto.swift */; };
		2EBF45ED1B5BBA7E00654070 /* Recipe+CoreDataProperties.swift in Sources */ = {isa = PBXBuildFile; fileRef = 2EBF45EC1B5BBA7E00654070 /* Recipe+CoreDataProperties.swift */; };
		2EFBF87F1B499572009C34BB /* Recipe+CoreDataProperties.swift in Sources */ = {isa = PBXBuildFile; fileRef = 2EFBF87E1B499572009C34BB /* Recipe+CoreDataProperties.swift */; };
/* End PBXBuildFile section */

/* Begin PBXContainerItemProxy section */
		2E6D75981B3D7E650015307B /* PBXContainerItemProxy */ = {
			isa = PBXContainerItemProxy;
			containerPortal = 2E6D75781B3D7E650015307B /* Project object */;
			proxyType = 1;
			remoteGlobalIDString = 2E6D757F1B3D7E650015307B;
			remoteInfo = "Gina Lioti Cooking";
		};
		2E6D75A31B3D7E650015307B /* PBXContainerItemProxy */ = {
			isa = PBXContainerItemProxy;
			containerPortal = 2E6D75781B3D7E650015307B /* Project object */;
			proxyType = 1;
			remoteGlobalIDString = 2E6D757F1B3D7E650015307B;
			remoteInfo = "Gina Lioti Cooking";
		};
/* End PBXContainerItemProxy section */

/* Begin PBXCopyFilesBuildPhase section */
		2E2EE41B1B404E190069648A /* CopyFiles */ = {
			isa = PBXCopyFilesBuildPhase;
			buildActionMask = 2147483647;
			dstPath = "";
			dstSubfolderSpec = 7;
			files = (
				2E2EE41C1B404E350069648A /* RecipeData.json in CopyFiles */,
			);
			runOnlyForDeploymentPostprocessing = 0;
		};
/* End PBXCopyFilesBuildPhase section */

/* Begin PBXFileReference section */
		2E23FB241B52E50900EDBB68 /* ApiManager.swift */ = {isa = PBXFileReference; fileEncoding = 4; lastKnownFileType = sourcecode.swift; path = ApiManager.swift; sourceTree = "<group>"; };
		2E23FB271B52EF1D00EDBB68 /* AppDataManager.swift */ = {isa = PBXFileReference; fileEncoding = 4; lastKnownFileType = sourcecode.swift; path = AppDataManager.swift; sourceTree = "<group>"; };
		2E23FB291B52F29B00EDBB68 /* UserDefaultsManager.swift */ = {isa = PBXFileReference; fileEncoding = 4; lastKnownFileType = sourcecode.swift; path = UserDefaultsManager.swift; sourceTree = "<group>"; };
		2E23FB2B1B52FFF900EDBB68 /* CoreDataManager.swift */ = {isa = PBXFileReference; fileEncoding = 4; lastKnownFileType = sourcecode.swift; path = CoreDataManager.swift; sourceTree = "<group>"; };
		2E6D75801B3D7E650015307B /* Gina Lioti Cooking.app */ = {isa = PBXFileReference; explicitFileType = wrapper.application; includeInIndex = 0; path = "Gina Lioti Cooking.app"; sourceTree = BUILT_PRODUCTS_DIR; };
		2E6D75831B3D7E650015307B /* AppDelegate.swift */ = {isa = PBXFileReference; lastKnownFileType = sourcecode.swift; path = AppDelegate.swift; sourceTree = "<group>"; };
		2E6D75851B3D7E650015307B /* RecipesVC.swift */ = {isa = PBXFileReference; lastKnownFileType = sourcecode.swift; path = RecipesVC.swift; sourceTree = "<group>"; };
		2E6D75881B3D7E650015307B /* Base */ = {isa = PBXFileReference; lastKnownFileType = file.storyboard; name = Base; path = Base.lproj/Main.storyboard; sourceTree = "<group>"; };
		2E6D758B1B3D7E650015307B /* Gina_Lioti_Cooking.xcdatamodel */ = {isa = PBXFileReference; lastKnownFileType = wrapper.xcdatamodel; path = Gina_Lioti_Cooking.xcdatamodel; sourceTree = "<group>"; };
		2E6D758D1B3D7E650015307B /* Assets.xcassets */ = {isa = PBXFileReference; lastKnownFileType = folder.assetcatalog; path = Assets.xcassets; sourceTree = "<group>"; };
		2E6D75901B3D7E650015307B /* Base */ = {isa = PBXFileReference; lastKnownFileType = file.storyboard; name = Base; path = Base.lproj/LaunchScreen.storyboard; sourceTree = "<group>"; };
		2E6D75921B3D7E650015307B /* Info.plist */ = {isa = PBXFileReference; lastKnownFileType = text.plist.xml; path = Info.plist; sourceTree = "<group>"; };
		2E6D75971B3D7E650015307B /* Gina Lioti CookingTests.xctest */ = {isa = PBXFileReference; explicitFileType = wrapper.cfbundle; includeInIndex = 0; path = "Gina Lioti CookingTests.xctest"; sourceTree = BUILT_PRODUCTS_DIR; };
		2E6D759B1B3D7E650015307B /* Gina_Lioti_CookingTests.swift */ = {isa = PBXFileReference; lastKnownFileType = sourcecode.swift; path = Gina_Lioti_CookingTests.swift; sourceTree = "<group>"; };
		2E6D759D1B3D7E650015307B /* Info.plist */ = {isa = PBXFileReference; lastKnownFileType = text.plist.xml; path = Info.plist; sourceTree = "<group>"; };
		2E6D75A21B3D7E650015307B /* Gina Lioti CookingUITests.xctest */ = {isa = PBXFileReference; explicitFileType = wrapper.cfbundle; includeInIndex = 0; path = "Gina Lioti CookingUITests.xctest"; sourceTree = BUILT_PRODUCTS_DIR; };
		2E6D75A61B3D7E650015307B /* Gina_Lioti_CookingUITests.swift */ = {isa = PBXFileReference; lastKnownFileType = sourcecode.swift; path = Gina_Lioti_CookingUITests.swift; sourceTree = "<group>"; };
		2E6D75A81B3D7E650015307B /* Info.plist */ = {isa = PBXFileReference; lastKnownFileType = text.plist.xml; path = Info.plist; sourceTree = "<group>"; };
		2E6D75C51B3D9D320015307B /* Ingredient+CoreDataProperties.swift */ = {isa = PBXFileReference; fileEncoding = 4; lastKnownFileType = sourcecode.swift; path = "Ingredient+CoreDataProperties.swift"; sourceTree = "<group>"; };
		2E6D75C61B3D9D320015307B /* Ingredient.swift */ = {isa = PBXFileReference; fileEncoding = 4; lastKnownFileType = sourcecode.swift; path = Ingredient.swift; sourceTree = "<group>"; };
		2E6D75C71B3D9D320015307B /* Course+CoreDataProperties.swift */ = {isa = PBXFileReference; fileEncoding = 4; lastKnownFileType = sourcecode.swift; path = "Course+CoreDataProperties.swift"; sourceTree = "<group>"; };
		2E6D75C81B3D9D320015307B /* Course.swift */ = {isa = PBXFileReference; fileEncoding = 4; lastKnownFileType = sourcecode.swift; path = Course.swift; sourceTree = "<group>"; };
		2E6D75C91B3D9D320015307B /* RecipeIngredients+CoreDataProperties.swift */ = {isa = PBXFileReference; fileEncoding = 4; lastKnownFileType = sourcecode.swift; path = "RecipeIngredients+CoreDataProperties.swift"; sourceTree = "<group>"; };
		2E6D75CA1B3D9D320015307B /* RecipeIngredients.swift */ = {isa = PBXFileReference; fileEncoding = 4; lastKnownFileType = sourcecode.swift; path = RecipeIngredients.swift; sourceTree = "<group>"; };
		2E6D75CC1B3D9D320015307B /* Recipe.swift */ = {isa = PBXFileReference; fileEncoding = 4; lastKnownFileType = sourcecode.swift; path = Recipe.swift; sourceTree = "<group>"; };
		2E6D75D71B3DA1580015307B /* RecipeData.json */ = {isa = PBXFileReference; fileEncoding = 4; lastKnownFileType = text.json; name = RecipeData.json; path = Assets.xcassets/RecipeData.json; sourceTree = "<group>"; };
		2E6D75D91B3DA9210015307B /* RecipeInstruction+CoreDataProperties.swift */ = {isa = PBXFileReference; fileEncoding = 4; lastKnownFileType = sourcecode.swift; path = "RecipeInstruction+CoreDataProperties.swift"; sourceTree = "<group>"; };
		2E6D75DA1B3DA9210015307B /* RecipeInstruction.swift */ = {isa = PBXFileReference; fileEncoding = 4; lastKnownFileType = sourcecode.swift; path = RecipeInstruction.swift; sourceTree = "<group>"; };
		2E6D75DB1B3DA9210015307B /* RecipePhoto+CoreDataProperties.swift */ = {isa = PBXFileReference; fileEncoding = 4; lastKnownFileType = sourcecode.swift; path = "RecipePhoto+CoreDataProperties.swift"; sourceTree = "<group>"; };
		2E6D75DC1B3DA9210015307B /* RecipePhoto.swift */ = {isa = PBXFileReference; fileEncoding = 4; lastKnownFileType = sourcecode.swift; path = RecipePhoto.swift; sourceTree = "<group>"; };
		2EBF45EC1B5BBA7E00654070 /* Recipe+CoreDataProperties.swift */ = {isa = PBXFileReference; fileEncoding = 4; lastKnownFileType = sourcecode.swift; name = "Recipe+CoreDataProperties.swift"; path = "Gina Lioti Cooking/Recipe+CoreDataProperties.swift"; sourceTree = "<group>"; };
		2EFBF87E1B499572009C34BB /* Recipe+CoreDataProperties.swift */ = {isa = PBXFileReference; fileEncoding = 4; lastKnownFileType = sourcecode.swift; path = "Recipe+CoreDataProperties.swift"; sourceTree = "<group>"; };
/* End PBXFileReference section */

/* Begin PBXFrameworksBuildPhase section */
		2E6D757D1B3D7E650015307B /* Frameworks */ = {
			isa = PBXFrameworksBuildPhase;
			buildActionMask = 2147483647;
			files = (
			);
			runOnlyForDeploymentPostprocessing = 0;
		};
		2E6D75941B3D7E650015307B /* Frameworks */ = {
			isa = PBXFrameworksBuildPhase;
			buildActionMask = 2147483647;
			files = (
			);
			runOnlyForDeploymentPostprocessing = 0;
		};
		2E6D759F1B3D7E650015307B /* Frameworks */ = {
			isa = PBXFrameworksBuildPhase;
			buildActionMask = 2147483647;
			files = (
			);
			runOnlyForDeploymentPostprocessing = 0;
		};
/* End PBXFrameworksBuildPhase section */

/* Begin PBXGroup section */
		2E23FB261B52E51700EDBB68 /* API */ = {
			isa = PBXGroup;
			children = (
				2E23FB271B52EF1D00EDBB68 /* AppDataManager.swift */,
				2E23FB291B52F29B00EDBB68 /* UserDefaultsManager.swift */,
				2E23FB241B52E50900EDBB68 /* ApiManager.swift */,
				2E23FB2B1B52FFF900EDBB68 /* CoreDataManager.swift */,
			);
			name = API;
			sourceTree = "<group>";
		};
		2E6D75771B3D7E650015307B = {
			isa = PBXGroup;
			children = (
				2EBF45EC1B5BBA7E00654070 /* Recipe+CoreDataProperties.swift */,
				2E6D75821B3D7E650015307B /* Gina Lioti Cooking */,
				2E6D759A1B3D7E650015307B /* Gina Lioti CookingTests */,
				2E6D75A51B3D7E650015307B /* Gina Lioti CookingUITests */,
				2E6D75811B3D7E650015307B /* Products */,
			);
			sourceTree = "<group>";
		};
		2E6D75811B3D7E650015307B /* Products */ = {
			isa = PBXGroup;
			children = (
				2E6D75801B3D7E650015307B /* Gina Lioti Cooking.app */,
				2E6D75971B3D7E650015307B /* Gina Lioti CookingTests.xctest */,
				2E6D75A21B3D7E650015307B /* Gina Lioti CookingUITests.xctest */,
			);
			name = Products;
			sourceTree = "<group>";
		};
		2E6D75821B3D7E650015307B /* Gina Lioti Cooking */ = {
			isa = PBXGroup;
			children = (
				2E23FB261B52E51700EDBB68 /* API */,
				2E6D75D61B3D9D410015307B /* Assets */,
				2E6D75831B3D7E650015307B /* AppDelegate.swift */,
				2E6D75851B3D7E650015307B /* RecipesVC.swift */,
				2E6D75871B3D7E650015307B /* Main.storyboard */,
				2E6D75D51B3D9D370015307B /* Core Data */,
			);
			path = "Gina Lioti Cooking";
			sourceTree = "<group>";
		};
		2E6D759A1B3D7E650015307B /* Gina Lioti CookingTests */ = {
			isa = PBXGroup;
			children = (
				2E6D759B1B3D7E650015307B /* Gina_Lioti_CookingTests.swift */,
				2E6D759D1B3D7E650015307B /* Info.plist */,
			);
			path = "Gina Lioti CookingTests";
			sourceTree = "<group>";
		};
		2E6D75A51B3D7E650015307B /* Gina Lioti CookingUITests */ = {
			isa = PBXGroup;
			children = (
				2E6D75A61B3D7E650015307B /* Gina_Lioti_CookingUITests.swift */,
				2E6D75A81B3D7E650015307B /* Info.plist */,
			);
			path = "Gina Lioti CookingUITests";
			sourceTree = "<group>";
		};
		2E6D75D51B3D9D370015307B /* Core Data */ = {
			isa = PBXGroup;
			children = (
				2E6D75C81B3D9D320015307B /* Course.swift */,
				2E6D75C71B3D9D320015307B /* Course+CoreDataProperties.swift */,
				2E6D758A1B3D7E650015307B /* Gina_Lioti_Cooking.xcdatamodeld */,
				2E6D75C61B3D9D320015307B /* Ingredient.swift */,
				2E6D75C51B3D9D320015307B /* Ingredient+CoreDataProperties.swift */,
				2E6D75CC1B3D9D320015307B /* Recipe.swift */,
				2EFBF87E1B499572009C34BB /* Recipe+CoreDataProperties.swift */,
				2E6D75D71B3DA1580015307B /* RecipeData.json */,
				2E6D75CA1B3D9D320015307B /* RecipeIngredients.swift */,
				2E6D75C91B3D9D320015307B /* RecipeIngredients+CoreDataProperties.swift */,
				2E6D75DA1B3DA9210015307B /* RecipeInstruction.swift */,
				2E6D75D91B3DA9210015307B /* RecipeInstruction+CoreDataProperties.swift */,
				2E6D75DC1B3DA9210015307B /* RecipePhoto.swift */,
				2E6D75DB1B3DA9210015307B /* RecipePhoto+CoreDataProperties.swift */,
			);
			name = "Core Data";
			sourceTree = "<group>";
		};
		2E6D75D61B3D9D410015307B /* Assets */ = {
			isa = PBXGroup;
			children = (
				2E6D758D1B3D7E650015307B /* Assets.xcassets */,
				2E6D75921B3D7E650015307B /* Info.plist */,
				2E6D758F1B3D7E650015307B /* LaunchScreen.storyboard */,
			);
			name = Assets;
			sourceTree = "<group>";
		};
/* End PBXGroup section */

/* Begin PBXNativeTarget section */
		2E6D757F1B3D7E650015307B /* Gina Lioti Cooking */ = {
			isa = PBXNativeTarget;
			buildConfigurationList = 2E6D75AB1B3D7E650015307B /* Build configuration list for PBXNativeTarget "Gina Lioti Cooking" */;
			buildPhases = (
				2E6D757C1B3D7E650015307B /* Sources */,
				2E6D757D1B3D7E650015307B /* Frameworks */,
				2E6D757E1B3D7E650015307B /* Resources */,
				2E2EE41B1B404E190069648A /* CopyFiles */,
			);
			buildRules = (
			);
			dependencies = (
			);
			name = "Gina Lioti Cooking";
			productName = "Gina Lioti Cooking";
			productReference = 2E6D75801B3D7E650015307B /* Gina Lioti Cooking.app */;
			productType = "com.apple.product-type.application";
		};
		2E6D75961B3D7E650015307B /* Gina Lioti CookingTests */ = {
			isa = PBXNativeTarget;
			buildConfigurationList = 2E6D75AE1B3D7E650015307B /* Build configuration list for PBXNativeTarget "Gina Lioti CookingTests" */;
			buildPhases = (
				2E6D75931B3D7E650015307B /* Sources */,
				2E6D75941B3D7E650015307B /* Frameworks */,
				2E6D75951B3D7E650015307B /* Resources */,
			);
			buildRules = (
			);
			dependencies = (
				2E6D75991B3D7E650015307B /* PBXTargetDependency */,
			);
			name = "Gina Lioti CookingTests";
			productName = "Gina Lioti CookingTests";
			productReference = 2E6D75971B3D7E650015307B /* Gina Lioti CookingTests.xctest */;
			productType = "com.apple.product-type.bundle.unit-test";
		};
		2E6D75A11B3D7E650015307B /* Gina Lioti CookingUITests */ = {
			isa = PBXNativeTarget;
			buildConfigurationList = 2E6D75B11B3D7E650015307B /* Build configuration list for PBXNativeTarget "Gina Lioti CookingUITests" */;
			buildPhases = (
				2E6D759E1B3D7E650015307B /* Sources */,
				2E6D759F1B3D7E650015307B /* Frameworks */,
				2E6D75A01B3D7E650015307B /* Resources */,
			);
			buildRules = (
			);
			dependencies = (
				2E6D75A41B3D7E650015307B /* PBXTargetDependency */,
			);
			name = "Gina Lioti CookingUITests";
			productName = "Gina Lioti CookingUITests";
			productReference = 2E6D75A21B3D7E650015307B /* Gina Lioti CookingUITests.xctest */;
			productType = "com.apple.product-type.bundle.ui-testing";
		};
/* End PBXNativeTarget section */

/* Begin PBXProject section */
		2E6D75781B3D7E650015307B /* Project object */ = {
			isa = PBXProject;
			attributes = {
				LastSwiftUpdateCheck = 0700;
				LastUpgradeCheck = 0700;
				ORGANIZATIONNAME = gl;
				TargetAttributes = {
					2E6D757F1B3D7E650015307B = {
						CreatedOnToolsVersion = 7.0;
					};
					2E6D75961B3D7E650015307B = {
						CreatedOnToolsVersion = 7.0;
						TestTargetID = 2E6D757F1B3D7E650015307B;
					};
					2E6D75A11B3D7E650015307B = {
						CreatedOnToolsVersion = 7.0;
						TestTargetID = 2E6D757F1B3D7E650015307B;
					};
				};
			};
			buildConfigurationList = 2E6D757B1B3D7E650015307B /* Build configuration list for PBXProject "Gina Lioti Cooking" */;
			compatibilityVersion = "Xcode 3.2";
			developmentRegion = English;
			hasScannedForEncodings = 0;
			knownRegions = (
				en,
				Base,
			);
			mainGroup = 2E6D75771B3D7E650015307B;
			productRefGroup = 2E6D75811B3D7E650015307B /* Products */;
			projectDirPath = "";
			projectRoot = "";
			targets = (
				2E6D757F1B3D7E650015307B /* Gina Lioti Cooking */,
				2E6D75961B3D7E650015307B /* Gina Lioti CookingTests */,
				2E6D75A11B3D7E650015307B /* Gina Lioti CookingUITests */,
			);
		};
/* End PBXProject section */

/* Begin PBXResourcesBuildPhase section */
		2E6D757E1B3D7E650015307B /* Resources */ = {
			isa = PBXResourcesBuildPhase;
			buildActionMask = 2147483647;
			files = (
				2E6D75911B3D7E650015307B /* LaunchScreen.storyboard in Resources */,
				2E6D75D81B3DA1580015307B /* RecipeData.json in Resources */,
				2E6D758E1B3D7E650015307B /* Assets.xcassets in Resources */,
				2E6D75891B3D7E650015307B /* Main.storyboard in Resources */,
			);
			runOnlyForDeploymentPostprocessing = 0;
		};
		2E6D75951B3D7E650015307B /* Resources */ = {
			isa = PBXResourcesBuildPhase;
			buildActionMask = 2147483647;
			files = (
			);
			runOnlyForDeploymentPostprocessing = 0;
		};
		2E6D75A01B3D7E650015307B /* Resources */ = {
			isa = PBXResourcesBuildPhase;
			buildActionMask = 2147483647;
			files = (
			);
			runOnlyForDeploymentPostprocessing = 0;
		};
/* End PBXResourcesBuildPhase section */

/* Begin PBXSourcesBuildPhase section */
		2E6D757C1B3D7E650015307B /* Sources */ = {
			isa = PBXSourcesBuildPhase;
			buildActionMask = 2147483647;
			files = (
				2EFBF87F1B499572009C34BB /* Recipe+CoreDataProperties.swift in Sources */,
				2E6D75DE1B3DA9210015307B /* RecipeInstruction.swift in Sources */,
				2E6D75861B3D7E650015307B /* RecipesVC.swift in Sources */,
				2E23FB2C1B52FFF900EDBB68 /* CoreDataManager.swift in Sources */,
				2E6D75D01B3D9D320015307B /* Course.swift in Sources */,
				2EBF45ED1B5BBA7E00654070 /* Recipe+CoreDataProperties.swift in Sources */,
				2E6D75841B3D7E650015307B /* AppDelegate.swift in Sources */,
				2E6D75CE1B3D9D320015307B /* Ingredient.swift in Sources */,
				2E6D75D11B3D9D320015307B /* RecipeIngredients+CoreDataProperties.swift in Sources */,
				2E6D75DD1B3DA9210015307B /* RecipeInstruction+CoreDataProperties.swift in Sources */,
				2E6D75CD1B3D9D320015307B /* Ingredient+CoreDataProperties.swift in Sources */,
				2E23FB281B52EF1D00EDBB68 /* AppDataManager.swift in Sources */,
				2E6D75CF1B3D9D320015307B /* Course+CoreDataProperties.swift in Sources */,
				2E6D75E01B3DA9210015307B /* RecipePhoto.swift in Sources */,
				2E6D75DF1B3DA9210015307B /* RecipePhoto+CoreDataProperties.swift in Sources */,
				2E6D75D21B3D9D320015307B /* RecipeIngredients.swift in Sources */,
				2E23FB2A1B52F29B00EDBB68 /* UserDefaultsManager.swift in Sources */,
				2E6D758C1B3D7E650015307B /* Gina_Lioti_Cooking.xcdatamodeld in Sources */,
				2E23FB251B52E50900EDBB68 /* ApiManager.swift in Sources */,
				2E6D75D41B3D9D320015307B /* Recipe.swift in Sources */,
			);
			runOnlyForDeploymentPostprocessing = 0;
		};
		2E6D75931B3D7E650015307B /* Sources */ = {
			isa = PBXSourcesBuildPhase;
			buildActionMask = 2147483647;
			files = (
				2E6D759C1B3D7E650015307B /* Gina_Lioti_CookingTests.swift in Sources */,
			);
			runOnlyForDeploymentPostprocessing = 0;
		};
		2E6D759E1B3D7E650015307B /* Sources */ = {
			isa = PBXSourcesBuildPhase;
			buildActionMask = 2147483647;
			files = (
				2E6D75A71B3D7E650015307B /* Gina_Lioti_CookingUITests.swift in Sources */,
			);
			runOnlyForDeploymentPostprocessing = 0;
		};
/* End PBXSourcesBuildPhase section */

/* Begin PBXTargetDependency section */
		2E6D75991B3D7E650015307B /* PBXTargetDependency */ = {
			isa = PBXTargetDependency;
			target = 2E6D757F1B3D7E650015307B /* Gina Lioti Cooking */;
			targetProxy = 2E6D75981B3D7E650015307B /* PBXContainerItemProxy */;
		};
		2E6D75A41B3D7E650015307B /* PBXTargetDependency */ = {
			isa = PBXTargetDependency;
			target = 2E6D757F1B3D7E650015307B /* Gina Lioti Cooking */;
			targetProxy = 2E6D75A31B3D7E650015307B /* PBXContainerItemProxy */;
		};
/* End PBXTargetDependency section */

/* Begin PBXVariantGroup section */
		2E6D75871B3D7E650015307B /* Main.storyboard */ = {
			isa = PBXVariantGroup;
			children = (
				2E6D75881B3D7E650015307B /* Base */,
			);
			name = Main.storyboard;
			sourceTree = "<group>";
		};
		2E6D758F1B3D7E650015307B /* LaunchScreen.storyboard */ = {
			isa = PBXVariantGroup;
			children = (
				2E6D75901B3D7E650015307B /* Base */,
			);
			name = LaunchScreen.storyboard;
			sourceTree = "<group>";
		};
/* End PBXVariantGroup section */

/* Begin XCBuildConfiguration section */
		2E6D75A91B3D7E650015307B /* Debug */ = {
			isa = XCBuildConfiguration;
			buildSettings = {
				ALWAYS_SEARCH_USER_PATHS = NO;
				CLANG_CXX_LANGUAGE_STANDARD = "gnu++0x";
				CLANG_CXX_LIBRARY = "libc++";
				CLANG_ENABLE_MODULES = YES;
				CLANG_ENABLE_OBJC_ARC = YES;
				CLANG_WARN_BOOL_CONVERSION = YES;
				CLANG_WARN_CONSTANT_CONVERSION = YES;
				CLANG_WARN_DIRECT_OBJC_ISA_USAGE = YES_ERROR;
				CLANG_WARN_EMPTY_BODY = YES;
				CLANG_WARN_ENUM_CONVERSION = YES;
				CLANG_WARN_INT_CONVERSION = YES;
				CLANG_WARN_OBJC_ROOT_CLASS = YES_ERROR;
				CLANG_WARN_UNREACHABLE_CODE = YES;
				CLANG_WARN__DUPLICATE_METHOD_MATCH = YES;
				"CODE_SIGN_IDENTITY[sdk=iphoneos*]" = "iPhone Developer";
				COPY_PHASE_STRIP = NO;
				DEBUG_INFORMATION_FORMAT = dwarf;
				ENABLE_STRICT_OBJC_MSGSEND = YES;
				ENABLE_TESTABILITY = YES;
				GCC_C_LANGUAGE_STANDARD = gnu99;
				GCC_DYNAMIC_NO_PIC = NO;
				GCC_NO_COMMON_BLOCKS = YES;
				GCC_OPTIMIZATION_LEVEL = 0;
				GCC_PREPROCESSOR_DEFINITIONS = (
					"DEBUG=1",
					"$(inherited)",
				);
				GCC_WARN_64_TO_32_BIT_CONVERSION = YES;
				GCC_WARN_ABOUT_RETURN_TYPE = YES_ERROR;
				GCC_WARN_UNDECLARED_SELECTOR = YES;
				GCC_WARN_UNINITIALIZED_AUTOS = YES_AGGRESSIVE;
				GCC_WARN_UNUSED_FUNCTION = YES;
				GCC_WARN_UNUSED_VARIABLE = YES;
				IPHONEOS_DEPLOYMENT_TARGET = 9.0;
				MTL_ENABLE_DEBUG_INFO = YES;
				ONLY_ACTIVE_ARCH = YES;
				SDKROOT = iphoneos;
				SWIFT_OPTIMIZATION_LEVEL = "-Onone";
				TARGETED_DEVICE_FAMILY = "1,2";
			};
			name = Debug;
		};
		2E6D75AA1B3D7E650015307B /* Release */ = {
			isa = XCBuildConfiguration;
			buildSettings = {
				ALWAYS_SEARCH_USER_PATHS = NO;
				CLANG_CXX_LANGUAGE_STANDARD = "gnu++0x";
				CLANG_CXX_LIBRARY = "libc++";
				CLANG_ENABLE_MODULES = YES;
				CLANG_ENABLE_OBJC_ARC = YES;
				CLANG_WARN_BOOL_CONVERSION = YES;
				CLANG_WARN_CONSTANT_CONVERSION = YES;
				CLANG_WARN_DIRECT_OBJC_ISA_USAGE = YES_ERROR;
				CLANG_WARN_EMPTY_BODY = YES;
				CLANG_WARN_ENUM_CONVERSION = YES;
				CLANG_WARN_INT_CONVERSION = YES;
				CLANG_WARN_OBJC_ROOT_CLASS = YES_ERROR;
				CLANG_WARN_UNREACHABLE_CODE = YES;
				CLANG_WARN__DUPLICATE_METHOD_MATCH = YES;
				"CODE_SIGN_IDENTITY[sdk=iphoneos*]" = "iPhone Developer";
				COPY_PHASE_STRIP = NO;
				DEBUG_INFORMATION_FORMAT = "dwarf-with-dsym";
				ENABLE_NS_ASSERTIONS = NO;
				ENABLE_STRICT_OBJC_MSGSEND = YES;
				GCC_C_LANGUAGE_STANDARD = gnu99;
				GCC_NO_COMMON_BLOCKS = YES;
				GCC_WARN_64_TO_32_BIT_CONVERSION = YES;
				GCC_WARN_ABOUT_RETURN_TYPE = YES_ERROR;
				GCC_WARN_UNDECLARED_SELECTOR = YES;
				GCC_WARN_UNINITIALIZED_AUTOS = YES_AGGRESSIVE;
				GCC_WARN_UNUSED_FUNCTION = YES;
				GCC_WARN_UNUSED_VARIABLE = YES;
				IPHONEOS_DEPLOYMENT_TARGET = 9.0;
				MTL_ENABLE_DEBUG_INFO = NO;
				SDKROOT = iphoneos;
				TARGETED_DEVICE_FAMILY = "1,2";
				VALIDATE_PRODUCT = YES;
			};
			name = Release;
		};
		2E6D75AC1B3D7E650015307B /* Debug */ = {
			isa = XCBuildConfiguration;
			buildSettings = {
				ASSETCATALOG_COMPILER_APPICON_NAME = AppIcon;
				CLANG_ENABLE_MODULES = YES;
				INFOPLIST_FILE = "Gina Lioti Cooking/Info.plist";
				IPHONEOS_DEPLOYMENT_TARGET = 8.3;
				LD_RUNPATH_SEARCH_PATHS = "$(inherited) @executable_path/Frameworks";
				PRODUCT_BUNDLE_IDENTIFIER = "gl.Gina-Lioti-Cooking";
				PRODUCT_NAME = "$(TARGET_NAME)";
				SWIFT_OPTIMIZATION_LEVEL = "-Onone";
				TARGETED_DEVICE_FAMILY = "1,2";
			};
			name = Debug;
		};
		2E6D75AD1B3D7E650015307B /* Release */ = {
			isa = XCBuildConfiguration;
			buildSettings = {
				ASSETCATALOG_COMPILER_APPICON_NAME = AppIcon;
				CLANG_ENABLE_MODULES = YES;
				INFOPLIST_FILE = "Gina Lioti Cooking/Info.plist";
				IPHONEOS_DEPLOYMENT_TARGET = 8.3;
				LD_RUNPATH_SEARCH_PATHS = "$(inherited) @executable_path/Frameworks";
				PRODUCT_BUNDLE_IDENTIFIER = "gl.Gina-Lioti-Cooking";
				PRODUCT_NAME = "$(TARGET_NAME)";
				TARGETED_DEVICE_FAMILY = "1,2";
			};
			name = Release;
		};
		2E6D75AF1B3D7E650015307B /* Debug */ = {
			isa = XCBuildConfiguration;
			buildSettings = {
				BUNDLE_LOADER = "$(TEST_HOST)";
				INFOPLIST_FILE = "Gina Lioti CookingTests/Info.plist";
				LD_RUNPATH_SEARCH_PATHS = "$(inherited) @executable_path/Frameworks @loader_path/Frameworks";
				PRODUCT_BUNDLE_IDENTIFIER = "gl.Gina-Lioti-CookingTests";
				PRODUCT_NAME = "$(TARGET_NAME)";
				TEST_HOST = "$(BUILT_PRODUCTS_DIR)/Gina Lioti Cooking.app/Gina Lioti Cooking";
			};
			name = Debug;
		};
		2E6D75B01B3D7E650015307B /* Release */ = {
			isa = XCBuildConfiguration;
			buildSettings = {
				BUNDLE_LOADER = "$(TEST_HOST)";
				INFOPLIST_FILE = "Gina Lioti CookingTests/Info.plist";
				LD_RUNPATH_SEARCH_PATHS = "$(inherited) @executable_path/Frameworks @loader_path/Frameworks";
				PRODUCT_BUNDLE_IDENTIFIER = "gl.Gina-Lioti-CookingTests";
				PRODUCT_NAME = "$(TARGET_NAME)";
				TEST_HOST = "$(BUILT_PRODUCTS_DIR)/Gina Lioti Cooking.app/Gina Lioti Cooking";
			};
			name = Release;
		};
		2E6D75B21B3D7E650015307B /* Debug */ = {
			isa = XCBuildConfiguration;
			buildSettings = {
				INFOPLIST_FILE = "Gina Lioti CookingUITests/Info.plist";
				LD_RUNPATH_SEARCH_PATHS = "$(inherited) @executable_path/Frameworks @loader_path/Frameworks";
				PRODUCT_BUNDLE_IDENTIFIER = "gl.Gina-Lioti-CookingUITests";
				PRODUCT_NAME = "$(TARGET_NAME)";
				TEST_TARGET_NAME = "Gina Lioti Cooking";
				USES_XCTRUNNER = YES;
			};
			name = Debug;
		};
		2E6D75B31B3D7E650015307B /* Release */ = {
			isa = XCBuildConfiguration;
			buildSettings = {
				INFOPLIST_FILE = "Gina Lioti CookingUITests/Info.plist";
				LD_RUNPATH_SEARCH_PATHS = "$(inherited) @executable_path/Frameworks @loader_path/Frameworks";
				PRODUCT_BUNDLE_IDENTIFIER = "gl.Gina-Lioti-CookingUITests";
				PRODUCT_NAME = "$(TARGET_NAME)";
				TEST_TARGET_NAME = "Gina Lioti Cooking";
				USES_XCTRUNNER = YES;
			};
			name = Release;
		};
/* End XCBuildConfiguration section */

/* Begin XCConfigurationList section */
		2E6D757B1B3D7E650015307B /* Build configuration list for PBXProject "Gina Lioti Cooking" */ = {
			isa = XCConfigurationList;
			buildConfigurations = (
				2E6D75A91B3D7E650015307B /* Debug */,
				2E6D75AA1B3D7E650015307B /* Release */,
			);
			defaultConfigurationIsVisible = 0;
			defaultConfigurationName = Release;
		};
		2E6D75AB1B3D7E650015307B /* Build configuration list for PBXNativeTarget "Gina Lioti Cooking" */ = {
			isa = XCConfigurationList;
			buildConfigurations = (
				2E6D75AC1B3D7E650015307B /* Debug */,
				2E6D75AD1B3D7E650015307B /* Release */,
			);
			defaultConfigurationIsVisible = 0;
			defaultConfigurationName = Release;
		};
		2E6D75AE1B3D7E650015307B /* Build configuration list for PBXNativeTarget "Gina Lioti CookingTests" */ = {
			isa = XCConfigurationList;
			buildConfigurations = (
				2E6D75AF1B3D7E650015307B /* Debug */,
				2E6D75B01B3D7E650015307B /* Release */,
			);
			defaultConfigurationIsVisible = 0;
			defaultConfigurationName = Release;
		};
		2E6D75B11B3D7E650015307B /* Build configuration list for PBXNativeTarget "Gina Lioti CookingUITests" */ = {
			isa = XCConfigurationList;
			buildConfigurations = (
				2E6D75B21B3D7E650015307B /* Debug */,
				2E6D75B31B3D7E650015307B /* Release */,
			);
			defaultConfigurationIsVisible = 0;
			defaultConfigurationName = Release;
		};
/* End XCConfigurationList section */

/* Begin XCVersionGroup section */
		2E6D758A1B3D7E650015307B /* Gina_Lioti_Cooking.xcdatamodeld */ = {
			isa = XCVersionGroup;
			children = (
				2E6D758B1B3D7E650015307B /* Gina_Lioti_Cooking.xcdatamodel */,
			);
			currentVersion = 2E6D758B1B3D7E650015307B /* Gina_Lioti_Cooking.xcdatamodel */;
			path = Gina_Lioti_Cooking.xcdatamodeld;
			sourceTree = "<group>";
			versionGroupType = wrapper.xcdatamodel;
		};
/* End XCVersionGroup section */
	};
	rootObject = 2E6D75781B3D7E650015307B /* Project object */;
}
